
Microsoft Visual Studio Solution File, Format Version 12.00
# Visual Studio 14
VisualStudioVersion = 14.0.25420.1
MinimumVisualStudioVersion = 10.0.40219.1
Project("{FAE04EC0-301F-11D3-BF4B-00C04F79EFBC}") = "Rh.Specifiable", "Rh.Specifiable\Rh.Specifiable.csproj", "{A8DBF6AE-1BA3-43FA-B6FF-B3F87ABEE17C}"
EndProject
Project("{FAE04EC0-301F-11D3-BF4B-00C04F79EFBC}") = "Rh.Specifiable.Tests", "Rh.Specifiable.Tests\Rh.Specifiable.Tests.csproj", "{FBE43D6A-FD6D-4A5D-AFB7-F5D1283C36E9}"
EndProject
Global
	GlobalSection(SolutionConfigurationPlatforms) = preSolution
		Debug|Any CPU = Debug|Any CPU
		Release|Any CPU = Release|Any CPU
	EndGlobalSection
	GlobalSection(ProjectConfigurationPlatforms) = postSolution
		{A8DBF6AE-1BA3-43FA-B6FF-B3F87ABEE17C}.Debug|Any CPU.ActiveCfg = Debug|Any CPU
		{A8DBF6AE-1BA3-43FA-B6FF-B3F87ABEE17C}.Debug|Any CPU.Build.0 = Debug|Any CPU
		{A8DBF6AE-1BA3-43FA-B6FF-B3F87ABEE17C}.Release|Any CPU.ActiveCfg = Release|Any CPU
		{A8DBF6AE-1BA3-43FA-B6FF-B3F87ABEE17C}.Release|Any CPU.Build.0 = Release|Any CPU
		{FBE43D6A-FD6D-4A5D-AFB7-F5D1283C36E9}.Debug|Any CPU.ActiveCfg = Debug|Any CPU
		{FBE43D6A-FD6D-4A5D-AFB7-F5D1283C36E9}.Debug|Any CPU.Build.0 = Debug|Any CPU
		{FBE43D6A-FD6D-4A5D-AFB7-F5D1283C36E9}.Release|Any CPU.ActiveCfg = Release|Any CPU
		{FBE43D6A-FD6D-4A5D-AFB7-F5D1283C36E9}.Release|Any CPU.Build.0 = Release|Any CPU
	EndGlobalSection
	GlobalSection(SolutionProperties) = preSolution
		HideSolutionNode = FALSE
	EndGlobalSection
EndGlobal
